
Microsoft Visual Studio Solution File, Format Version 12.00
# Visual Studio Version 16
VisualStudioVersion = 16.0.28803.452
MinimumVisualStudioVersion = 10.0.40219.1
Project("{FAE04EC0-301F-11D3-BF4B-00C04F79EFBC}") = "MaquinaTuringDan", "MaquinaTuringDan\MaquinaTuringDan.csproj", "{2418EB22-4E0C-4C33-94F3-CDBB61921EC1}"
EndProject
Global
	GlobalSection(SolutionConfigurationPlatforms) = preSolution
		Debug|Any CPU = Debug|Any CPU
		Release|Any CPU = Release|Any CPU
	EndGlobalSection
	GlobalSection(ProjectConfigurationPlatforms) = postSolution
		{2418EB22-4E0C-4C33-94F3-CDBB61921EC1}.Debug|Any CPU.ActiveCfg = Debug|Any CPU
		{2418EB22-4E0C-4C33-94F3-CDBB61921EC1}.Debug|Any CPU.Build.0 = Debug|Any CPU
		{2418EB22-4E0C-4C33-94F3-CDBB61921EC1}.Release|Any CPU.ActiveCfg = Release|Any CPU
		{2418EB22-4E0C-4C33-94F3-CDBB61921EC1}.Release|Any CPU.Build.0 = Release|Any CPU
	EndGlobalSection
	GlobalSection(SolutionProperties) = preSolution
		HideSolutionNode = FALSE
	EndGlobalSection
	GlobalSection(ExtensibilityGlobals) = postSolution
		SolutionGuid = {F15D0454-2054-4577-8530-F91F20643595}
	EndGlobalSection
EndGlobal
